
Microsoft Visual Studio Solution File, Format Version 12.00
# Visual Studio Version 17
VisualStudioVersion = 17.10.35122.118
MinimumVisualStudioVersion = 10.0.40219.1
Project("{FAE04EC0-301F-11D3-BF4B-00C04F79EFBC}") = "EmployerInfoMVC", "EmployerInfoMVC\EmployerInfoMVC.csproj", "{23F2F047-1E60-4697-B56D-719B60322340}"
EndProject
Global
	GlobalSection(SolutionConfigurationPlatforms) = preSolution
		Debug|Any CPU = Debug|Any CPU
		Release|Any CPU = Release|Any CPU
	EndGlobalSection
	GlobalSection(ProjectConfigurationPlatforms) = postSolution
		{23F2F047-1E60-4697-B56D-719B60322340}.Debug|Any CPU.ActiveCfg = Debug|Any CPU
		{23F2F047-1E60-4697-B56D-719B60322340}.Debug|Any CPU.Build.0 = Debug|Any CPU
		{23F2F047-1E60-4697-B56D-719B60322340}.Release|Any CPU.ActiveCfg = Release|Any CPU
		{23F2F047-1E60-4697-B56D-719B60322340}.Release|Any CPU.Build.0 = Release|Any CPU
	EndGlobalSection
	GlobalSection(SolutionProperties) = preSolution
		HideSolutionNode = FALSE
	EndGlobalSection
	GlobalSection(ExtensibilityGlobals) = postSolution
		SolutionGuid = {E8ABE041-5746-4B22-9FCD-E59388EA0467}
	EndGlobalSection
EndGlobal
